
Microsoft Visual Studio Solution File, Format Version 12.00
# Visual Studio Version 17
VisualStudioVersion = 17.10.34916.146
MinimumVisualStudioVersion = 10.0.40219.1
Project("{2150E333-8FDC-42A3-9474-1A3956D46DE8}") = "Services", "Services", "{9D2BB6E0-27D2-4110-AFCB-B394BE5BEFCA}"
EndProject
Project("{2150E333-8FDC-42A3-9474-1A3956D46DE8}") = "Catalog", "Catalog", "{5A76BDAF-7ACB-4B5C-B4FF-EF6D51D6DF8F}"
EndProject
Project("{9A19103F-16F7-4668-BE54-9A1E7A4F7556}") = "FreeCourse.Services.Catalog.API", "Services\Catalog\FreeCourse.Services.Catalog.API\FreeCourse.Services.Catalog.API.csproj", "{D4FCC60F-7866-42FD-B450-2F71970A3C70}"
EndProject
Project("{2150E333-8FDC-42A3-9474-1A3956D46DE8}") = "Solution Items", "Solution Items", "{87463941-8F15-4274-A59C-7935AA9877B5}"
	ProjectSection(SolutionItems) = preProject
		Ports.txt = Ports.txt
	EndProjectSection
EndProject
Project("{2150E333-8FDC-42A3-9474-1A3956D46DE8}") = "Shared", "Shared", "{0C85E5C2-2333-4794-B46F-FCA219A03A81}"
EndProject
Project("{9A19103F-16F7-4668-BE54-9A1E7A4F7556}") = "FreeCourse.Shared", "Shared\FreeCourse.Shared\FreeCourse.Shared.csproj", "{399BC887-5256-4F00-9CF0-1D4E650B84F7}"
EndProject
Project("{2150E333-8FDC-42A3-9474-1A3956D46DE8}") = "IdentityServer", "IdentityServer", "{A8D1FC7A-39EB-466A-843D-3EE0AC06D240}"
EndProject
Project("{9A19103F-16F7-4668-BE54-9A1E7A4F7556}") = "FreeCourse.IdentityServer", "IdentityServer\FreeCourse.IdentityServer\FreeCourse.IdentityServer.csproj", "{EB86A5FF-A3AF-4B76-B231-12F0D4411212}"
EndProject
Project("{2150E333-8FDC-42A3-9474-1A3956D46DE8}") = "PhotoStock", "PhotoStock", "{F9BA461B-6BBC-4A06-B6CB-087BE2F7A4FC}"
EndProject
Project("{9A19103F-16F7-4668-BE54-9A1E7A4F7556}") = "FreeCourse.Services.PhotoStock.API", "Services\PhotoStock\FreeCourse.Services.PhotoStock.API\FreeCourse.Services.PhotoStock.API.csproj", "{98EED139-6053-4320-A1FD-2B365480B6D7}"
EndProject
Project("{2150E333-8FDC-42A3-9474-1A3956D46DE8}") = "Basket", "Basket", "{009E7F30-F9A0-4EA3-AB2B-95266A085F80}"
EndProject
Project("{9A19103F-16F7-4668-BE54-9A1E7A4F7556}") = "FreeCourse.Services.Basket.API", "Services\Basket\FreeCourse.Services.Basket.API\FreeCourse.Services.Basket.API.csproj", "{E7B9CEA6-17C4-4577-90C1-664178E3ED72}"
EndProject
Project("{2150E333-8FDC-42A3-9474-1A3956D46DE8}") = "Discount", "Discount", "{3DD1FF91-4732-408F-9770-B13A63676B75}"
EndProject
Project("{9A19103F-16F7-4668-BE54-9A1E7A4F7556}") = "FreeCourse.Services.Discount.API", "Services\Discount\FreeCourse.Services.Discount.API\FreeCourse.Services.Discount.API.csproj", "{F53B161D-2DCD-45E7-A3AD-72AA5E5704DB}"
EndProject
Project("{2150E333-8FDC-42A3-9474-1A3956D46DE8}") = "Order", "Order", "{6A3B9E10-F72B-4AB7-86DC-50B259ABEFB7}"
EndProject
Project("{9A19103F-16F7-4668-BE54-9A1E7A4F7556}") = "FreeCourse.Services.Order.API", "Services\Order\FreeCourse.Services.Order.API\FreeCourse.Services.Order.API.csproj", "{B845B286-3E01-45BF-AC2B-BD49B2B312E4}"
EndProject
Project("{9A19103F-16F7-4668-BE54-9A1E7A4F7556}") = "FreeCourse.Services.Order.Application", "Services\Order\FreeCourse.Services.Order.Application\FreeCourse.Services.Order.Application.csproj", "{12D889A1-53FE-4234-BE1D-46D7E4532E52}"
EndProject
Project("{9A19103F-16F7-4668-BE54-9A1E7A4F7556}") = "FreeCourse.Services.Order.Domain", "Services\Order\FreeCourse.Services.Order.Domain\FreeCourse.Services.Order.Domain.csproj", "{D86226CD-FE5A-4DC5-95E5-DAA5EA52B2CF}"
EndProject
Project("{9A19103F-16F7-4668-BE54-9A1E7A4F7556}") = "FreeCourse.Services.Order.Domain.Core", "Services\Order\FreeCourse.Services.Order.Domain.Core\FreeCourse.Services.Order.Domain.Core.csproj", "{A4912F0B-FD31-43C5-A73F-3BA5C9E9C28A}"
EndProject
Project("{9A19103F-16F7-4668-BE54-9A1E7A4F7556}") = "FreeCourse.Services.Order.Infrastructure", "Services\Order\FreeCourse.Services.Order.Infrastructure\FreeCourse.Services.Order.Infrastructure.csproj", "{04F37867-093B-4C8E-B6FE-8F979D917E93}"
EndProject
Project("{2150E333-8FDC-42A3-9474-1A3956D46DE8}") = "FakePayment", "FakePayment", "{0CB7DB93-CDB8-49F2-9960-D298A02C6391}"
EndProject
Project("{FAE04EC0-301F-11D3-BF4B-00C04F79EFBC}") = "FreeCourse.Services.FakePayment.API", "Services\FakePayment\FreeCourse.Services.FakePayment.API\FreeCourse.Services.FakePayment.API.csproj", "{5DE7C67D-AD08-441F-A9A4-DFFF183D1E0D}"
EndProject
Global
	GlobalSection(SolutionConfigurationPlatforms) = preSolution
		Debug|Any CPU = Debug|Any CPU
		Release|Any CPU = Release|Any CPU
	EndGlobalSection
	GlobalSection(ProjectConfigurationPlatforms) = postSolution
		{D4FCC60F-7866-42FD-B450-2F71970A3C70}.Debug|Any CPU.ActiveCfg = Debug|Any CPU
		{D4FCC60F-7866-42FD-B450-2F71970A3C70}.Debug|Any CPU.Build.0 = Debug|Any CPU
		{D4FCC60F-7866-42FD-B450-2F71970A3C70}.Release|Any CPU.ActiveCfg = Release|Any CPU
		{D4FCC60F-7866-42FD-B450-2F71970A3C70}.Release|Any CPU.Build.0 = Release|Any CPU
		{399BC887-5256-4F00-9CF0-1D4E650B84F7}.Debug|Any CPU.ActiveCfg = Debug|Any CPU
		{399BC887-5256-4F00-9CF0-1D4E650B84F7}.Debug|Any CPU.Build.0 = Debug|Any CPU
		{399BC887-5256-4F00-9CF0-1D4E650B84F7}.Release|Any CPU.ActiveCfg = Release|Any CPU
		{399BC887-5256-4F00-9CF0-1D4E650B84F7}.Release|Any CPU.Build.0 = Release|Any CPU
		{EB86A5FF-A3AF-4B76-B231-12F0D4411212}.Debug|Any CPU.ActiveCfg = Debug|Any CPU
		{EB86A5FF-A3AF-4B76-B231-12F0D4411212}.Debug|Any CPU.Build.0 = Debug|Any CPU
		{EB86A5FF-A3AF-4B76-B231-12F0D4411212}.Release|Any CPU.ActiveCfg = Release|Any CPU
		{EB86A5FF-A3AF-4B76-B231-12F0D4411212}.Release|Any CPU.Build.0 = Release|Any CPU
		{98EED139-6053-4320-A1FD-2B365480B6D7}.Debug|Any CPU.ActiveCfg = Debug|Any CPU
		{98EED139-6053-4320-A1FD-2B365480B6D7}.Debug|Any CPU.Build.0 = Debug|Any CPU
		{98EED139-6053-4320-A1FD-2B365480B6D7}.Release|Any CPU.ActiveCfg = Release|Any CPU
		{98EED139-6053-4320-A1FD-2B365480B6D7}.Release|Any CPU.Build.0 = Release|Any CPU
		{E7B9CEA6-17C4-4577-90C1-664178E3ED72}.Debug|Any CPU.ActiveCfg = Debug|Any CPU
		{E7B9CEA6-17C4-4577-90C1-664178E3ED72}.Debug|Any CPU.Build.0 = Debug|Any CPU
		{E7B9CEA6-17C4-4577-90C1-664178E3ED72}.Release|Any CPU.ActiveCfg = Release|Any CPU
		{E7B9CEA6-17C4-4577-90C1-664178E3ED72}.Release|Any CPU.Build.0 = Release|Any CPU
		{F53B161D-2DCD-45E7-A3AD-72AA5E5704DB}.Debug|Any CPU.ActiveCfg = Debug|Any CPU
		{F53B161D-2DCD-45E7-A3AD-72AA5E5704DB}.Debug|Any CPU.Build.0 = Debug|Any CPU
		{F53B161D-2DCD-45E7-A3AD-72AA5E5704DB}.Release|Any CPU.ActiveCfg = Release|Any CPU
		{F53B161D-2DCD-45E7-A3AD-72AA5E5704DB}.Release|Any CPU.Build.0 = Release|Any CPU
		{B845B286-3E01-45BF-AC2B-BD49B2B312E4}.Debug|Any CPU.ActiveCfg = Debug|Any CPU
		{B845B286-3E01-45BF-AC2B-BD49B2B312E4}.Debug|Any CPU.Build.0 = Debug|Any CPU
		{B845B286-3E01-45BF-AC2B-BD49B2B312E4}.Release|Any CPU.ActiveCfg = Release|Any CPU
		{B845B286-3E01-45BF-AC2B-BD49B2B312E4}.Release|Any CPU.Build.0 = Release|Any CPU
		{12D889A1-53FE-4234-BE1D-46D7E4532E52}.Debug|Any CPU.ActiveCfg = Debug|Any CPU
		{12D889A1-53FE-4234-BE1D-46D7E4532E52}.Debug|Any CPU.Build.0 = Debug|Any CPU
		{12D889A1-53FE-4234-BE1D-46D7E4532E52}.Release|Any CPU.ActiveCfg = Release|Any CPU
		{12D889A1-53FE-4234-BE1D-46D7E4532E52}.Release|Any CPU.Build.0 = Release|Any CPU
		{D86226CD-FE5A-4DC5-95E5-DAA5EA52B2CF}.Debug|Any CPU.ActiveCfg = Debug|Any CPU
		{D86226CD-FE5A-4DC5-95E5-DAA5EA52B2CF}.Debug|Any CPU.Build.0 = Debug|Any CPU
		{D86226CD-FE5A-4DC5-95E5-DAA5EA52B2CF}.Release|Any CPU.ActiveCfg = Release|Any CPU
		{D86226CD-FE5A-4DC5-95E5-DAA5EA52B2CF}.Release|Any CPU.Build.0 = Release|Any CPU
		{A4912F0B-FD31-43C5-A73F-3BA5C9E9C28A}.Debug|Any CPU.ActiveCfg = Debug|Any CPU
		{A4912F0B-FD31-43C5-A73F-3BA5C9E9C28A}.Debug|Any CPU.Build.0 = Debug|Any CPU
		{A4912F0B-FD31-43C5-A73F-3BA5C9E9C28A}.Release|Any CPU.ActiveCfg = Release|Any CPU
		{A4912F0B-FD31-43C5-A73F-3BA5C9E9C28A}.Release|Any CPU.Build.0 = Release|Any CPU
		{04F37867-093B-4C8E-B6FE-8F979D917E93}.Debug|Any CPU.ActiveCfg = Debug|Any CPU
		{04F37867-093B-4C8E-B6FE-8F979D917E93}.Debug|Any CPU.Build.0 = Debug|Any CPU
		{04F37867-093B-4C8E-B6FE-8F979D917E93}.Release|Any CPU.ActiveCfg = Release|Any CPU
		{04F37867-093B-4C8E-B6FE-8F979D917E93}.Release|Any CPU.Build.0 = Release|Any CPU
		{5DE7C67D-AD08-441F-A9A4-DFFF183D1E0D}.Debug|Any CPU.ActiveCfg = Debug|Any CPU
		{5DE7C67D-AD08-441F-A9A4-DFFF183D1E0D}.Debug|Any CPU.Build.0 = Debug|Any CPU
		{5DE7C67D-AD08-441F-A9A4-DFFF183D1E0D}.Release|Any CPU.ActiveCfg = Release|Any CPU
		{5DE7C67D-AD08-441F-A9A4-DFFF183D1E0D}.Release|Any CPU.Build.0 = Release|Any CPU
	EndGlobalSection
	GlobalSection(SolutionProperties) = preSolution
		HideSolutionNode = FALSE
	EndGlobalSection
	GlobalSection(NestedProjects) = preSolution
		{5A76BDAF-7ACB-4B5C-B4FF-EF6D51D6DF8F} = {9D2BB6E0-27D2-4110-AFCB-B394BE5BEFCA}
		{D4FCC60F-7866-42FD-B450-2F71970A3C70} = {5A76BDAF-7ACB-4B5C-B4FF-EF6D51D6DF8F}
		{399BC887-5256-4F00-9CF0-1D4E650B84F7} = {0C85E5C2-2333-4794-B46F-FCA219A03A81}
		{EB86A5FF-A3AF-4B76-B231-12F0D4411212} = {A8D1FC7A-39EB-466A-843D-3EE0AC06D240}
		{F9BA461B-6BBC-4A06-B6CB-087BE2F7A4FC} = {9D2BB6E0-27D2-4110-AFCB-B394BE5BEFCA}
		{98EED139-6053-4320-A1FD-2B365480B6D7} = {F9BA461B-6BBC-4A06-B6CB-087BE2F7A4FC}
		{009E7F30-F9A0-4EA3-AB2B-95266A085F80} = {9D2BB6E0-27D2-4110-AFCB-B394BE5BEFCA}
		{E7B9CEA6-17C4-4577-90C1-664178E3ED72} = {009E7F30-F9A0-4EA3-AB2B-95266A085F80}
		{3DD1FF91-4732-408F-9770-B13A63676B75} = {9D2BB6E0-27D2-4110-AFCB-B394BE5BEFCA}
		{F53B161D-2DCD-45E7-A3AD-72AA5E5704DB} = {3DD1FF91-4732-408F-9770-B13A63676B75}
		{6A3B9E10-F72B-4AB7-86DC-50B259ABEFB7} = {9D2BB6E0-27D2-4110-AFCB-B394BE5BEFCA}
		{B845B286-3E01-45BF-AC2B-BD49B2B312E4} = {6A3B9E10-F72B-4AB7-86DC-50B259ABEFB7}
		{12D889A1-53FE-4234-BE1D-46D7E4532E52} = {6A3B9E10-F72B-4AB7-86DC-50B259ABEFB7}
		{D86226CD-FE5A-4DC5-95E5-DAA5EA52B2CF} = {6A3B9E10-F72B-4AB7-86DC-50B259ABEFB7}
		{A4912F0B-FD31-43C5-A73F-3BA5C9E9C28A} = {6A3B9E10-F72B-4AB7-86DC-50B259ABEFB7}
		{04F37867-093B-4C8E-B6FE-8F979D917E93} = {6A3B9E10-F72B-4AB7-86DC-50B259ABEFB7}
		{0CB7DB93-CDB8-49F2-9960-D298A02C6391} = {9D2BB6E0-27D2-4110-AFCB-B394BE5BEFCA}
		{5DE7C67D-AD08-441F-A9A4-DFFF183D1E0D} = {0CB7DB93-CDB8-49F2-9960-D298A02C6391}
	EndGlobalSection
	GlobalSection(ExtensibilityGlobals) = postSolution
		SolutionGuid = {CAE9FD0D-E6EB-4EFD-B5D7-9A8BE0BF8B7D}
	EndGlobalSection
EndGlobal
