
Microsoft Visual Studio Solution File, Format Version 12.00
# Visual Studio Version 17
VisualStudioVersion = 17.10.34916.146
MinimumVisualStudioVersion = 10.0.40219.1
Project("{2150E333-8FDC-42A3-9474-1A3956D46DE8}") = "Services", "Services", "{9D2BB6E0-27D2-4110-AFCB-B394BE5BEFCA}"
EndProject
Project("{2150E333-8FDC-42A3-9474-1A3956D46DE8}") = "Catalog", "Catalog", "{5A76BDAF-7ACB-4B5C-B4FF-EF6D51D6DF8F}"
EndProject
Project("{9A19103F-16F7-4668-BE54-9A1E7A4F7556}") = "FreeCourse.Services.Catalog.API", "Services\Catalog\FreeCourse.Services.Catalog.API\FreeCourse.Services.Catalog.API.csproj", "{D4FCC60F-7866-42FD-B450-2F71970A3C70}"
EndProject
Project("{2150E333-8FDC-42A3-9474-1A3956D46DE8}") = "Solution Items", "Solution Items", "{87463941-8F15-4274-A59C-7935AA9877B5}"
	ProjectSection(SolutionItems) = preProject
		Ports.txt = Ports.txt
	EndProjectSection
EndProject
Project("{2150E333-8FDC-42A3-9474-1A3956D46DE8}") = "Shared", "Shared", "{0C85E5C2-2333-4794-B46F-FCA219A03A81}"
EndProject
Project("{9A19103F-16F7-4668-BE54-9A1E7A4F7556}") = "FreeCourse.Shared", "Shared\FreeCourse.Shared\FreeCourse.Shared.csproj", "{399BC887-5256-4F00-9CF0-1D4E650B84F7}"
EndProject
Project("{2150E333-8FDC-42A3-9474-1A3956D46DE8}") = "IdentityServer", "IdentityServer", "{A8D1FC7A-39EB-466A-843D-3EE0AC06D240}"
EndProject
Project("{9A19103F-16F7-4668-BE54-9A1E7A4F7556}") = "FreeCourse.IdentityServer", "IdentityServer\FreeCourse.IdentityServer\FreeCourse.IdentityServer.csproj", "{EB86A5FF-A3AF-4B76-B231-12F0D4411212}"
EndProject
Project("{2150E333-8FDC-42A3-9474-1A3956D46DE8}") = "PhotoStock", "PhotoStock", "{F9BA461B-6BBC-4A06-B6CB-087BE2F7A4FC}"
EndProject
Project("{9A19103F-16F7-4668-BE54-9A1E7A4F7556}") = "FreeCourse.Services.PhotoStock.API", "Services\PhotoStock\FreeCourse.Services.PhotoStock.API\FreeCourse.Services.PhotoStock.API.csproj", "{98EED139-6053-4320-A1FD-2B365480B6D7}"
EndProject
Project("{2150E333-8FDC-42A3-9474-1A3956D46DE8}") = "Basket", "Basket", "{009E7F30-F9A0-4EA3-AB2B-95266A085F80}"
EndProject
Project("{9A19103F-16F7-4668-BE54-9A1E7A4F7556}") = "FreeCourse.Services.Basket.API", "Services\Basket\FreeCourse.Services.Basket.API\FreeCourse.Services.Basket.API.csproj", "{E7B9CEA6-17C4-4577-90C1-664178E3ED72}"
EndProject
Project("{2150E333-8FDC-42A3-9474-1A3956D46DE8}") = "Discount", "Discount", "{3DD1FF91-4732-408F-9770-B13A63676B75}"
EndProject
Project("{FAE04EC0-301F-11D3-BF4B-00C04F79EFBC}") = "FreeCourse.Services.Discount.API", "Services\Discount\FreeCourse.Services.Discount.API\FreeCourse.Services.Discount.API.csproj", "{F53B161D-2DCD-45E7-A3AD-72AA5E5704DB}"
EndProject
Global
	GlobalSection(SolutionConfigurationPlatforms) = preSolution
		Debug|Any CPU = Debug|Any CPU
		Release|Any CPU = Release|Any CPU
	EndGlobalSection
	GlobalSection(ProjectConfigurationPlatforms) = postSolution
		{D4FCC60F-7866-42FD-B450-2F71970A3C70}.Debug|Any CPU.ActiveCfg = Debug|Any CPU
		{D4FCC60F-7866-42FD-B450-2F71970A3C70}.Debug|Any CPU.Build.0 = Debug|Any CPU
		{D4FCC60F-7866-42FD-B450-2F71970A3C70}.Release|Any CPU.ActiveCfg = Release|Any CPU
		{D4FCC60F-7866-42FD-B450-2F71970A3C70}.Release|Any CPU.Build.0 = Release|Any CPU
		{399BC887-5256-4F00-9CF0-1D4E650B84F7}.Debug|Any CPU.ActiveCfg = Debug|Any CPU
		{399BC887-5256-4F00-9CF0-1D4E650B84F7}.Debug|Any CPU.Build.0 = Debug|Any CPU
		{399BC887-5256-4F00-9CF0-1D4E650B84F7}.Release|Any CPU.ActiveCfg = Release|Any CPU
		{399BC887-5256-4F00-9CF0-1D4E650B84F7}.Release|Any CPU.Build.0 = Release|Any CPU
		{EB86A5FF-A3AF-4B76-B231-12F0D4411212}.Debug|Any CPU.ActiveCfg = Debug|Any CPU
		{EB86A5FF-A3AF-4B76-B231-12F0D4411212}.Debug|Any CPU.Build.0 = Debug|Any CPU
		{EB86A5FF-A3AF-4B76-B231-12F0D4411212}.Release|Any CPU.ActiveCfg = Release|Any CPU
		{EB86A5FF-A3AF-4B76-B231-12F0D4411212}.Release|Any CPU.Build.0 = Release|Any CPU
		{98EED139-6053-4320-A1FD-2B365480B6D7}.Debug|Any CPU.ActiveCfg = Debug|Any CPU
		{98EED139-6053-4320-A1FD-2B365480B6D7}.Debug|Any CPU.Build.0 = Debug|Any CPU
		{98EED139-6053-4320-A1FD-2B365480B6D7}.Release|Any CPU.ActiveCfg = Release|Any CPU
		{98EED139-6053-4320-A1FD-2B365480B6D7}.Release|Any CPU.Build.0 = Release|Any CPU
		{E7B9CEA6-17C4-4577-90C1-664178E3ED72}.Debug|Any CPU.ActiveCfg = Debug|Any CPU
		{E7B9CEA6-17C4-4577-90C1-664178E3ED72}.Debug|Any CPU.Build.0 = Debug|Any CPU
		{E7B9CEA6-17C4-4577-90C1-664178E3ED72}.Release|Any CPU.ActiveCfg = Release|Any CPU
		{E7B9CEA6-17C4-4577-90C1-664178E3ED72}.Release|Any CPU.Build.0 = Release|Any CPU
		{F53B161D-2DCD-45E7-A3AD-72AA5E5704DB}.Debug|Any CPU.ActiveCfg = Debug|Any CPU
		{F53B161D-2DCD-45E7-A3AD-72AA5E5704DB}.Debug|Any CPU.Build.0 = Debug|Any CPU
		{F53B161D-2DCD-45E7-A3AD-72AA5E5704DB}.Release|Any CPU.ActiveCfg = Release|Any CPU
		{F53B161D-2DCD-45E7-A3AD-72AA5E5704DB}.Release|Any CPU.Build.0 = Release|Any CPU
	EndGlobalSection
	GlobalSection(SolutionProperties) = preSolution
		HideSolutionNode = FALSE
	EndGlobalSection
	GlobalSection(NestedProjects) = preSolution
		{5A76BDAF-7ACB-4B5C-B4FF-EF6D51D6DF8F} = {9D2BB6E0-27D2-4110-AFCB-B394BE5BEFCA}
		{D4FCC60F-7866-42FD-B450-2F71970A3C70} = {5A76BDAF-7ACB-4B5C-B4FF-EF6D51D6DF8F}
		{399BC887-5256-4F00-9CF0-1D4E650B84F7} = {0C85E5C2-2333-4794-B46F-FCA219A03A81}
		{EB86A5FF-A3AF-4B76-B231-12F0D4411212} = {A8D1FC7A-39EB-466A-843D-3EE0AC06D240}
		{F9BA461B-6BBC-4A06-B6CB-087BE2F7A4FC} = {9D2BB6E0-27D2-4110-AFCB-B394BE5BEFCA}
		{98EED139-6053-4320-A1FD-2B365480B6D7} = {F9BA461B-6BBC-4A06-B6CB-087BE2F7A4FC}
		{009E7F30-F9A0-4EA3-AB2B-95266A085F80} = {9D2BB6E0-27D2-4110-AFCB-B394BE5BEFCA}
		{E7B9CEA6-17C4-4577-90C1-664178E3ED72} = {009E7F30-F9A0-4EA3-AB2B-95266A085F80}
		{3DD1FF91-4732-408F-9770-B13A63676B75} = {9D2BB6E0-27D2-4110-AFCB-B394BE5BEFCA}
		{F53B161D-2DCD-45E7-A3AD-72AA5E5704DB} = {3DD1FF91-4732-408F-9770-B13A63676B75}
	EndGlobalSection
	GlobalSection(ExtensibilityGlobals) = postSolution
		SolutionGuid = {CAE9FD0D-E6EB-4EFD-B5D7-9A8BE0BF8B7D}
	EndGlobalSection
EndGlobal
